<Solution>
  <Folder Name="/src/">
    <Project Path="src/SocarDispatch.API/SocarDispatch.API.csproj" />
    <Project Path="src/SocarDispatch.Application/SocarDispatch.Application.csproj" />
    <Project Path="src/SocarDispatch.Domain/SocarDispatch.Domain.csproj" />
    <Project Path="src/SocarDispatch.Infrastructure/SocarDispatch.Infrastructure.csproj" />
  </Folder>
  <Folder Name="/tests/">
    <Project Path="tests/SocarDispatch.Application.Tests/SocarDispatch.Application.Tests.csproj" />
    <Project Path="tests/SocarDispatch.Infrastructure.Tests/SocarDispatch.Infrastructure.Tests.csproj" />
  </Folder>
</Solution>
